
Microsoft Visual Studio Solution File, Format Version 12.00
# Visual Studio 2012
Project("{2150E333-8FDC-42A3-9474-1A3956D46DE8}") = "Solution Items", "Solution Items", "{5595361A-79C0-4ADD-A571-4453346CB09E}"
	ProjectSection(SolutionItems) = preProject
		IntegrationTests.testsettings = IntegrationTests.testsettings
		UnitTests.testsettings = UnitTests.testsettings
		VisualMutator.vsmdi = VisualMutator.vsmdi
	EndProjectSection
EndProject
Project("{FAE04EC0-301F-11D3-BF4B-00C04F79EFBC}") = "VisualMutator.VSPackage", "VisualMutator.VSPackage\VisualMutator.VSPackage.csproj", "{BB64244A-C861-42A7-AE3D-6E4DDA9B2E7F}"
	ProjectSection(ProjectDependencies) = postProject
		{5794DB15-7ADA-4EBB-AB56-F608A1090FF4} = {5794DB15-7ADA-4EBB-AB56-F608A1090FF4}
		{ED2443EA-AEFF-4EAF-8BED-4CFA8F721598} = {ED2443EA-AEFF-4EAF-8BED-4CFA8F721598}
	EndProjectSection
EndProject
Project("{FAE04EC0-301F-11D3-BF4B-00C04F79EFBC}") = "VisualMutator.Tests", "VisualMutator.Tests\VisualMutator.Tests.csproj", "{8FDC25E2-B546-4DF6-B2A6-EAF5CA33BD92}"
	ProjectSection(ProjectDependencies) = postProject
		{0AEFE663-70C8-4466-98B7-E506215D1B58} = {0AEFE663-70C8-4466-98B7-E506215D1B58}
	EndProjectSection
EndProject
Project("{FAE04EC0-301F-11D3-BF4B-00C04F79EFBC}") = "VisualMutator.MvcMutations", "VisualMutator.MvcMutations\VisualMutator.MvcMutations.csproj", "{5794DB15-7ADA-4EBB-AB56-F608A1090FF4}"
EndProject
Project("{FAE04EC0-301F-11D3-BF4B-00C04F79EFBC}") = "VisualMutator.Extensibility", "VisualMutator.Extensibility\VisualMutator.Extensibility.csproj", "{ED2443EA-AEFF-4EAF-8BED-4CFA8F721598}"
EndProject
Project("{FAE04EC0-301F-11D3-BF4B-00C04F79EFBC}") = "VisualMutator", "VisualMutator\VisualMutator.csproj", "{B40A493B-C264-423D-B5C7-14E120B4D358}"
EndProject
Project("{FAE04EC0-301F-11D3-BF4B-00C04F79EFBC}") = "CommonUtilityInfrastructure", "CommonUtilityInfrastructure\CommonUtilityInfrastructure.csproj", "{A8B8F24D-3181-45BF-9ED3-F734E04F0BC4}"
EndProject
Project("{FAE04EC0-301F-11D3-BF4B-00C04F79EFBC}") = "CommonUtilityInfrastructure.Tests", "CommonUtilityInfrastructure.Tests\CommonUtilityInfrastructure.Tests.csproj", "{FC3B11AE-6D1B-4732-B126-D01B282279F2}"
EndProject
Project("{FAE04EC0-301F-11D3-BF4B-00C04F79EFBC}") = "CommonTestInfrastructure", "CommonTestInfrastructure\CommonTestInfrastructure.csproj", "{DBFC76B9-C110-4796-9D8A-33AC5BABC833}"
EndProject
Project("{FAE04EC0-301F-11D3-BF4B-00C04F79EFBC}") = "VisualMutator.OperatorsStandard", "VisualMutator.OperatorsStandard\VisualMutator.OperatorsStandard.csproj", "{78D8E683-1282-4114-BEB8-A5784E885C02}"
EndProject
Project("{FAE04EC0-301F-11D3-BF4B-00C04F79EFBC}") = "VisualMutator.OperatorsObject", "VisualMutator.OperatorsObject\VisualMutator.OperatorsObject.csproj", "{0AEFE663-70C8-4466-98B7-E506215D1B58}"
EndProject
Project("{2150E333-8FDC-42A3-9474-1A3956D46DE8}") = ".nuget", ".nuget", "{E49B9DFB-9857-4BBA-A592-BDC2DF6DC834}"
	ProjectSection(SolutionItems) = preProject
		.nuget\packages.config = .nuget\packages.config
	EndProjectSection
EndProject
Project("{FAE04EC0-301F-11D3-BF4B-00C04F79EFBC}") = "TestGround", "TestGround\TestGround.csproj", "{A8502D08-C5FF-43F2-B01D-AF4D6BB1D32A}"
EndProject
Project("{FAE04EC0-301F-11D3-BF4B-00C04F79EFBC}") = "VisualMutator.GUI", "VisualMutator.GUI\VisualMutator.GUI.csproj", "{E6E6172C-D6FD-4A53-A67D-F52CB6B973F6}"
EndProject
Project("{FAE04EC0-301F-11D3-BF4B-00C04F79EFBC}") = "VisualMutator.Console", "VisualMutator.Console\VisualMutator.Console.csproj", "{D3C35E11-13E4-4A78-8222-39C30C12B52D}"
	ProjectSection(ProjectDependencies) = postProject
		{5794DB15-7ADA-4EBB-AB56-F608A1090FF4} = {5794DB15-7ADA-4EBB-AB56-F608A1090FF4}
		{B40A493B-C264-423D-B5C7-14E120B4D358} = {B40A493B-C264-423D-B5C7-14E120B4D358}
		{A8B8F24D-3181-45BF-9ED3-F734E04F0BC4} = {A8B8F24D-3181-45BF-9ED3-F734E04F0BC4}
		{0AEFE663-70C8-4466-98B7-E506215D1B58} = {0AEFE663-70C8-4466-98B7-E506215D1B58}
		{78D8E683-1282-4114-BEB8-A5784E885C02} = {78D8E683-1282-4114-BEB8-A5784E885C02}
		{DBFC76B9-C110-4796-9D8A-33AC5BABC833} = {DBFC76B9-C110-4796-9D8A-33AC5BABC833}
		{ED2443EA-AEFF-4EAF-8BED-4CFA8F721598} = {ED2443EA-AEFF-4EAF-8BED-4CFA8F721598}
	EndProjectSection
EndProject
Global
	GlobalSection(TestCaseManagementSettings) = postSolution
		CategoryFile = VisualMutator.vsmdi
	EndGlobalSection
	GlobalSection(SolutionConfigurationPlatforms) = preSolution
		Debug|Any CPU = Debug|Any CPU
		Debug|Mixed Platforms = Debug|Mixed Platforms
		Debug|x86 = Debug|x86
		Release|Any CPU = Release|Any CPU
		Release|Mixed Platforms = Release|Mixed Platforms
		Release|x86 = Release|x86
	EndGlobalSection
	GlobalSection(ProjectConfigurationPlatforms) = postSolution
		{BB64244A-C861-42A7-AE3D-6E4DDA9B2E7F}.Debug|Any CPU.ActiveCfg = Debug|Any CPU
		{BB64244A-C861-42A7-AE3D-6E4DDA9B2E7F}.Debug|Any CPU.Build.0 = Debug|Any CPU
		{BB64244A-C861-42A7-AE3D-6E4DDA9B2E7F}.Debug|Mixed Platforms.ActiveCfg = Debug|Any CPU
		{BB64244A-C861-42A7-AE3D-6E4DDA9B2E7F}.Debug|Mixed Platforms.Build.0 = Debug|Any CPU
		{BB64244A-C861-42A7-AE3D-6E4DDA9B2E7F}.Debug|x86.ActiveCfg = Debug|x86
		{BB64244A-C861-42A7-AE3D-6E4DDA9B2E7F}.Debug|x86.Build.0 = Debug|x86
		{BB64244A-C861-42A7-AE3D-6E4DDA9B2E7F}.Release|Any CPU.ActiveCfg = Release|Any CPU
		{BB64244A-C861-42A7-AE3D-6E4DDA9B2E7F}.Release|Any CPU.Build.0 = Release|Any CPU
		{BB64244A-C861-42A7-AE3D-6E4DDA9B2E7F}.Release|Mixed Platforms.ActiveCfg = Release|Any CPU
		{BB64244A-C861-42A7-AE3D-6E4DDA9B2E7F}.Release|Mixed Platforms.Build.0 = Release|Any CPU
		{BB64244A-C861-42A7-AE3D-6E4DDA9B2E7F}.Release|x86.ActiveCfg = Release|x86
		{BB64244A-C861-42A7-AE3D-6E4DDA9B2E7F}.Release|x86.Build.0 = Release|x86
		{8FDC25E2-B546-4DF6-B2A6-EAF5CA33BD92}.Debug|Any CPU.ActiveCfg = Debug|Any CPU
		{8FDC25E2-B546-4DF6-B2A6-EAF5CA33BD92}.Debug|Any CPU.Build.0 = Debug|Any CPU
		{8FDC25E2-B546-4DF6-B2A6-EAF5CA33BD92}.Debug|Mixed Platforms.ActiveCfg = Debug|Any CPU
		{8FDC25E2-B546-4DF6-B2A6-EAF5CA33BD92}.Debug|Mixed Platforms.Build.0 = Debug|Any CPU
		{8FDC25E2-B546-4DF6-B2A6-EAF5CA33BD92}.Debug|x86.ActiveCfg = Debug|x86
		{8FDC25E2-B546-4DF6-B2A6-EAF5CA33BD92}.Debug|x86.Build.0 = Debug|x86
		{8FDC25E2-B546-4DF6-B2A6-EAF5CA33BD92}.Release|Any CPU.ActiveCfg = Release|Any CPU
		{8FDC25E2-B546-4DF6-B2A6-EAF5CA33BD92}.Release|Any CPU.Build.0 = Release|Any CPU
		{8FDC25E2-B546-4DF6-B2A6-EAF5CA33BD92}.Release|Mixed Platforms.ActiveCfg = Release|Any CPU
		{8FDC25E2-B546-4DF6-B2A6-EAF5CA33BD92}.Release|Mixed Platforms.Build.0 = Release|Any CPU
		{8FDC25E2-B546-4DF6-B2A6-EAF5CA33BD92}.Release|x86.ActiveCfg = Release|x86
		{8FDC25E2-B546-4DF6-B2A6-EAF5CA33BD92}.Release|x86.Build.0 = Release|x86
		{5794DB15-7ADA-4EBB-AB56-F608A1090FF4}.Debug|Any CPU.ActiveCfg = Debug|Any CPU
		{5794DB15-7ADA-4EBB-AB56-F608A1090FF4}.Debug|Any CPU.Build.0 = Debug|Any CPU
		{5794DB15-7ADA-4EBB-AB56-F608A1090FF4}.Debug|Mixed Platforms.ActiveCfg = Debug|Any CPU
		{5794DB15-7ADA-4EBB-AB56-F608A1090FF4}.Debug|Mixed Platforms.Build.0 = Debug|Any CPU
		{5794DB15-7ADA-4EBB-AB56-F608A1090FF4}.Debug|x86.ActiveCfg = Debug|x86
		{5794DB15-7ADA-4EBB-AB56-F608A1090FF4}.Release|Any CPU.ActiveCfg = Release|Any CPU
		{5794DB15-7ADA-4EBB-AB56-F608A1090FF4}.Release|Any CPU.Build.0 = Release|Any CPU
		{5794DB15-7ADA-4EBB-AB56-F608A1090FF4}.Release|Mixed Platforms.ActiveCfg = Release|Any CPU
		{5794DB15-7ADA-4EBB-AB56-F608A1090FF4}.Release|Mixed Platforms.Build.0 = Release|Any CPU
		{5794DB15-7ADA-4EBB-AB56-F608A1090FF4}.Release|x86.ActiveCfg = Release|x86
		{ED2443EA-AEFF-4EAF-8BED-4CFA8F721598}.Debug|Any CPU.ActiveCfg = Debug|Any CPU
		{ED2443EA-AEFF-4EAF-8BED-4CFA8F721598}.Debug|Any CPU.Build.0 = Debug|Any CPU
		{ED2443EA-AEFF-4EAF-8BED-4CFA8F721598}.Debug|Mixed Platforms.ActiveCfg = Debug|Any CPU
		{ED2443EA-AEFF-4EAF-8BED-4CFA8F721598}.Debug|Mixed Platforms.Build.0 = Debug|Any CPU
		{ED2443EA-AEFF-4EAF-8BED-4CFA8F721598}.Debug|x86.ActiveCfg = Debug|x86
		{ED2443EA-AEFF-4EAF-8BED-4CFA8F721598}.Debug|x86.Build.0 = Debug|x86
		{ED2443EA-AEFF-4EAF-8BED-4CFA8F721598}.Release|Any CPU.ActiveCfg = Release|Any CPU
		{ED2443EA-AEFF-4EAF-8BED-4CFA8F721598}.Release|Any CPU.Build.0 = Release|Any CPU
		{ED2443EA-AEFF-4EAF-8BED-4CFA8F721598}.Release|Mixed Platforms.ActiveCfg = Release|Any CPU
		{ED2443EA-AEFF-4EAF-8BED-4CFA8F721598}.Release|Mixed Platforms.Build.0 = Release|Any CPU
		{ED2443EA-AEFF-4EAF-8BED-4CFA8F721598}.Release|x86.ActiveCfg = Release|x86
		{ED2443EA-AEFF-4EAF-8BED-4CFA8F721598}.Release|x86.Build.0 = Release|x86
		{B40A493B-C264-423D-B5C7-14E120B4D358}.Debug|Any CPU.ActiveCfg = Debug|Any CPU
		{B40A493B-C264-423D-B5C7-14E120B4D358}.Debug|Any CPU.Build.0 = Debug|Any CPU
		{B40A493B-C264-423D-B5C7-14E120B4D358}.Debug|Mixed Platforms.ActiveCfg = Debug|Any CPU
		{B40A493B-C264-423D-B5C7-14E120B4D358}.Debug|Mixed Platforms.Build.0 = Debug|Any CPU
		{B40A493B-C264-423D-B5C7-14E120B4D358}.Debug|x86.ActiveCfg = Debug|x86
		{B40A493B-C264-423D-B5C7-14E120B4D358}.Debug|x86.Build.0 = Debug|x86
		{B40A493B-C264-423D-B5C7-14E120B4D358}.Release|Any CPU.ActiveCfg = Release|Any CPU
		{B40A493B-C264-423D-B5C7-14E120B4D358}.Release|Any CPU.Build.0 = Release|Any CPU
		{B40A493B-C264-423D-B5C7-14E120B4D358}.Release|Mixed Platforms.ActiveCfg = Release|Any CPU
		{B40A493B-C264-423D-B5C7-14E120B4D358}.Release|Mixed Platforms.Build.0 = Release|Any CPU
		{B40A493B-C264-423D-B5C7-14E120B4D358}.Release|x86.ActiveCfg = Release|x86
		{B40A493B-C264-423D-B5C7-14E120B4D358}.Release|x86.Build.0 = Release|x86
		{A8B8F24D-3181-45BF-9ED3-F734E04F0BC4}.Debug|Any CPU.ActiveCfg = Debug|Any CPU
		{A8B8F24D-3181-45BF-9ED3-F734E04F0BC4}.Debug|Any CPU.Build.0 = Debug|Any CPU
		{A8B8F24D-3181-45BF-9ED3-F734E04F0BC4}.Debug|Mixed Platforms.ActiveCfg = Debug|Any CPU
		{A8B8F24D-3181-45BF-9ED3-F734E04F0BC4}.Debug|Mixed Platforms.Build.0 = Debug|Any CPU
		{A8B8F24D-3181-45BF-9ED3-F734E04F0BC4}.Debug|x86.ActiveCfg = Debug|x86
		{A8B8F24D-3181-45BF-9ED3-F734E04F0BC4}.Debug|x86.Build.0 = Debug|x86
		{A8B8F24D-3181-45BF-9ED3-F734E04F0BC4}.Release|Any CPU.ActiveCfg = Release|Any CPU
		{A8B8F24D-3181-45BF-9ED3-F734E04F0BC4}.Release|Any CPU.Build.0 = Release|Any CPU
		{A8B8F24D-3181-45BF-9ED3-F734E04F0BC4}.Release|Mixed Platforms.ActiveCfg = Release|Any CPU
		{A8B8F24D-3181-45BF-9ED3-F734E04F0BC4}.Release|Mixed Platforms.Build.0 = Release|Any CPU
		{A8B8F24D-3181-45BF-9ED3-F734E04F0BC4}.Release|x86.ActiveCfg = Release|x86
		{A8B8F24D-3181-45BF-9ED3-F734E04F0BC4}.Release|x86.Build.0 = Release|x86
		{FC3B11AE-6D1B-4732-B126-D01B282279F2}.Debug|Any CPU.ActiveCfg = Debug|Any CPU
		{FC3B11AE-6D1B-4732-B126-D01B282279F2}.Debug|Any CPU.Build.0 = Debug|Any CPU
		{FC3B11AE-6D1B-4732-B126-D01B282279F2}.Debug|Mixed Platforms.ActiveCfg = Debug|Any CPU
		{FC3B11AE-6D1B-4732-B126-D01B282279F2}.Debug|Mixed Platforms.Build.0 = Debug|Any CPU
		{FC3B11AE-6D1B-4732-B126-D01B282279F2}.Debug|x86.ActiveCfg = Debug|x86
		{FC3B11AE-6D1B-4732-B126-D01B282279F2}.Debug|x86.Build.0 = Debug|x86
		{FC3B11AE-6D1B-4732-B126-D01B282279F2}.Release|Any CPU.ActiveCfg = Release|Any CPU
		{FC3B11AE-6D1B-4732-B126-D01B282279F2}.Release|Any CPU.Build.0 = Release|Any CPU
		{FC3B11AE-6D1B-4732-B126-D01B282279F2}.Release|Mixed Platforms.ActiveCfg = Release|Any CPU
		{FC3B11AE-6D1B-4732-B126-D01B282279F2}.Release|Mixed Platforms.Build.0 = Release|Any CPU
		{FC3B11AE-6D1B-4732-B126-D01B282279F2}.Release|x86.ActiveCfg = Release|x86
		{FC3B11AE-6D1B-4732-B126-D01B282279F2}.Release|x86.Build.0 = Release|x86
		{DBFC76B9-C110-4796-9D8A-33AC5BABC833}.Debug|Any CPU.ActiveCfg = Debug|Any CPU
		{DBFC76B9-C110-4796-9D8A-33AC5BABC833}.Debug|Any CPU.Build.0 = Debug|Any CPU
		{DBFC76B9-C110-4796-9D8A-33AC5BABC833}.Debug|Mixed Platforms.ActiveCfg = Debug|Any CPU
		{DBFC76B9-C110-4796-9D8A-33AC5BABC833}.Debug|Mixed Platforms.Build.0 = Debug|Any CPU
		{DBFC76B9-C110-4796-9D8A-33AC5BABC833}.Debug|x86.ActiveCfg = Debug|x86
		{DBFC76B9-C110-4796-9D8A-33AC5BABC833}.Debug|x86.Build.0 = Debug|x86
		{DBFC76B9-C110-4796-9D8A-33AC5BABC833}.Release|Any CPU.ActiveCfg = Release|Any CPU
		{DBFC76B9-C110-4796-9D8A-33AC5BABC833}.Release|Any CPU.Build.0 = Release|Any CPU
		{DBFC76B9-C110-4796-9D8A-33AC5BABC833}.Release|Mixed Platforms.ActiveCfg = Release|Any CPU
		{DBFC76B9-C110-4796-9D8A-33AC5BABC833}.Release|Mixed Platforms.Build.0 = Release|Any CPU
		{DBFC76B9-C110-4796-9D8A-33AC5BABC833}.Release|x86.ActiveCfg = Release|x86
		{DBFC76B9-C110-4796-9D8A-33AC5BABC833}.Release|x86.Build.0 = Release|x86
		{78D8E683-1282-4114-BEB8-A5784E885C02}.Debug|Any CPU.ActiveCfg = Debug|Any CPU
		{78D8E683-1282-4114-BEB8-A5784E885C02}.Debug|Any CPU.Build.0 = Debug|Any CPU
		{78D8E683-1282-4114-BEB8-A5784E885C02}.Debug|Mixed Platforms.ActiveCfg = Debug|Any CPU
		{78D8E683-1282-4114-BEB8-A5784E885C02}.Debug|Mixed Platforms.Build.0 = Debug|Any CPU
		{78D8E683-1282-4114-BEB8-A5784E885C02}.Debug|x86.ActiveCfg = Debug|x86
		{78D8E683-1282-4114-BEB8-A5784E885C02}.Debug|x86.Build.0 = Debug|x86
		{78D8E683-1282-4114-BEB8-A5784E885C02}.Release|Any CPU.ActiveCfg = Release|Any CPU
		{78D8E683-1282-4114-BEB8-A5784E885C02}.Release|Any CPU.Build.0 = Release|Any CPU
		{78D8E683-1282-4114-BEB8-A5784E885C02}.Release|Mixed Platforms.ActiveCfg = Release|Any CPU
		{78D8E683-1282-4114-BEB8-A5784E885C02}.Release|Mixed Platforms.Build.0 = Release|Any CPU
		{78D8E683-1282-4114-BEB8-A5784E885C02}.Release|x86.ActiveCfg = Release|x86
		{78D8E683-1282-4114-BEB8-A5784E885C02}.Release|x86.Build.0 = Release|x86
		{0AEFE663-70C8-4466-98B7-E506215D1B58}.Debug|Any CPU.ActiveCfg = Debug|Any CPU
		{0AEFE663-70C8-4466-98B7-E506215D1B58}.Debug|Any CPU.Build.0 = Debug|Any CPU
		{0AEFE663-70C8-4466-98B7-E506215D1B58}.Debug|Mixed Platforms.ActiveCfg = Debug|Any CPU
		{0AEFE663-70C8-4466-98B7-E506215D1B58}.Debug|Mixed Platforms.Build.0 = Debug|Any CPU
		{0AEFE663-70C8-4466-98B7-E506215D1B58}.Debug|x86.ActiveCfg = Debug|x86
		{0AEFE663-70C8-4466-98B7-E506215D1B58}.Debug|x86.Build.0 = Debug|x86
		{0AEFE663-70C8-4466-98B7-E506215D1B58}.Release|Any CPU.ActiveCfg = Release|Any CPU
		{0AEFE663-70C8-4466-98B7-E506215D1B58}.Release|Any CPU.Build.0 = Release|Any CPU
		{0AEFE663-70C8-4466-98B7-E506215D1B58}.Release|Mixed Platforms.ActiveCfg = Release|Any CPU
		{0AEFE663-70C8-4466-98B7-E506215D1B58}.Release|Mixed Platforms.Build.0 = Release|Any CPU
		{0AEFE663-70C8-4466-98B7-E506215D1B58}.Release|x86.ActiveCfg = Release|x86
		{0AEFE663-70C8-4466-98B7-E506215D1B58}.Release|x86.Build.0 = Release|x86
		{A8502D08-C5FF-43F2-B01D-AF4D6BB1D32A}.Debug|Any CPU.ActiveCfg = Debug|Any CPU
		{A8502D08-C5FF-43F2-B01D-AF4D6BB1D32A}.Debug|Any CPU.Build.0 = Debug|Any CPU
		{A8502D08-C5FF-43F2-B01D-AF4D6BB1D32A}.Debug|Mixed Platforms.ActiveCfg = Debug|Any CPU
		{A8502D08-C5FF-43F2-B01D-AF4D6BB1D32A}.Debug|Mixed Platforms.Build.0 = Debug|Any CPU
		{A8502D08-C5FF-43F2-B01D-AF4D6BB1D32A}.Debug|x86.ActiveCfg = Debug|Any CPU
		{A8502D08-C5FF-43F2-B01D-AF4D6BB1D32A}.Debug|x86.Build.0 = Debug|Any CPU
		{A8502D08-C5FF-43F2-B01D-AF4D6BB1D32A}.Release|Any CPU.ActiveCfg = Release|Any CPU
		{A8502D08-C5FF-43F2-B01D-AF4D6BB1D32A}.Release|Any CPU.Build.0 = Release|Any CPU
		{A8502D08-C5FF-43F2-B01D-AF4D6BB1D32A}.Release|Mixed Platforms.ActiveCfg = Release|Any CPU
		{A8502D08-C5FF-43F2-B01D-AF4D6BB1D32A}.Release|Mixed Platforms.Build.0 = Release|Any CPU
		{A8502D08-C5FF-43F2-B01D-AF4D6BB1D32A}.Release|x86.ActiveCfg = Release|Any CPU
		{A8502D08-C5FF-43F2-B01D-AF4D6BB1D32A}.Release|x86.Build.0 = Release|Any CPU
		{E6E6172C-D6FD-4A53-A67D-F52CB6B973F6}.Debug|Any CPU.ActiveCfg = Debug|Any CPU
		{E6E6172C-D6FD-4A53-A67D-F52CB6B973F6}.Debug|Any CPU.Build.0 = Debug|Any CPU
		{E6E6172C-D6FD-4A53-A67D-F52CB6B973F6}.Debug|Mixed Platforms.ActiveCfg = Debug|Any CPU
		{E6E6172C-D6FD-4A53-A67D-F52CB6B973F6}.Debug|Mixed Platforms.Build.0 = Debug|Any CPU
		{E6E6172C-D6FD-4A53-A67D-F52CB6B973F6}.Debug|x86.ActiveCfg = Debug|Any CPU
		{E6E6172C-D6FD-4A53-A67D-F52CB6B973F6}.Release|Any CPU.ActiveCfg = Release|Any CPU
		{E6E6172C-D6FD-4A53-A67D-F52CB6B973F6}.Release|Any CPU.Build.0 = Release|Any CPU
		{E6E6172C-D6FD-4A53-A67D-F52CB6B973F6}.Release|Mixed Platforms.ActiveCfg = Release|Any CPU
		{E6E6172C-D6FD-4A53-A67D-F52CB6B973F6}.Release|Mixed Platforms.Build.0 = Release|Any CPU
		{E6E6172C-D6FD-4A53-A67D-F52CB6B973F6}.Release|x86.ActiveCfg = Release|Any CPU
		{D3C35E11-13E4-4A78-8222-39C30C12B52D}.Debug|Any CPU.ActiveCfg = Debug|Any CPU
		{D3C35E11-13E4-4A78-8222-39C30C12B52D}.Debug|Any CPU.Build.0 = Debug|Any CPU
		{D3C35E11-13E4-4A78-8222-39C30C12B52D}.Debug|Mixed Platforms.ActiveCfg = Debug|Any CPU
		{D3C35E11-13E4-4A78-8222-39C30C12B52D}.Debug|Mixed Platforms.Build.0 = Debug|Any CPU
		{D3C35E11-13E4-4A78-8222-39C30C12B52D}.Debug|x86.ActiveCfg = Debug|Any CPU
		{D3C35E11-13E4-4A78-8222-39C30C12B52D}.Release|Any CPU.ActiveCfg = Release|Any CPU
		{D3C35E11-13E4-4A78-8222-39C30C12B52D}.Release|Any CPU.Build.0 = Release|Any CPU
		{D3C35E11-13E4-4A78-8222-39C30C12B52D}.Release|Mixed Platforms.ActiveCfg = Release|Any CPU
		{D3C35E11-13E4-4A78-8222-39C30C12B52D}.Release|Mixed Platforms.Build.0 = Release|Any CPU
		{D3C35E11-13E4-4A78-8222-39C30C12B52D}.Release|x86.ActiveCfg = Release|Any CPU
	EndGlobalSection
	GlobalSection(SolutionProperties) = preSolution
		HideSolutionNode = FALSE
	EndGlobalSection
EndGlobal
